
Microsoft Visual Studio Solution File, Format Version 12.00
# Visual Studio Version 16
VisualStudioVersion = 16.0.32228.343
MinimumVisualStudioVersion = 10.0.40219.1
Project("{2150E333-8FDC-42A3-9474-1A3956D46DE8}") = "Sample", "Sample", "{9E0C7835-3C4F-4770-ABE0-295B78C3AF3F}"
EndProject
Project("{FAE04EC0-301F-11D3-BF4B-00C04F79EFBC}") = "ConsoleApp0411", "ConsoleApp0411\ConsoleApp0411.csproj", "{44A830E7-886F-433A-ADF0-5B40BBA70B22}"
EndProject
Project("{FAE04EC0-301F-11D3-BF4B-00C04F79EFBC}") = "ConsoleApp0411_1", "ConsoleApp0411_1\ConsoleApp0411_1.csproj", "{E7B09A2C-EC5F-4072-870D-28D874E7B5DC}"
EndProject
Project("{FAE04EC0-301F-11D3-BF4B-00C04F79EFBC}") = "WindowsFromApp1", "Sample\WindowsFromApp1\WindowsFromApp1.csproj", "{8556AA62-36DF-46F6-BE89-E2735AEFC992}"
EndProject
Project("{FAE04EC0-301F-11D3-BF4B-00C04F79EFBC}") = "WindowsFromApp0412", "Sample\WindowsFromApp0412\WindowsFromApp0412.csproj", "{142EB7D7-72E6-4E9D-AF6C-974DD3023609}"
EndProject
Project("{FAE04EC0-301F-11D3-BF4B-00C04F79EFBC}") = "BallApp", "Sample\BallApp\BallApp.csproj", "{6E12030E-606E-4949-BFAC-5A5A1F94E75E}"
EndProject
Project("{2150E333-8FDC-42A3-9474-1A3956D46DE8}") = "Chapter01", "Chapter01", "{20F3C67B-2833-48A7-8B7E-B33E4BBFA198}"
EndProject
Project("{FAE04EC0-301F-11D3-BF4B-00C04F79EFBC}") = "ProductSample", "Chapter01\Product\ProductSample.csproj", "{99DEFE96-5AC5-42B7-A6EE-4F716CE2E28E}"
EndProject
Project("{2150E333-8FDC-42A3-9474-1A3956D46DE8}") = "chapter02", "chapter02", "{28168020-6B32-4252-920A-9ABC40491591}"
EndProject
Project("{2150E333-8FDC-42A3-9474-1A3956D46DE8}") = "距離換算プログラム", "距離換算プログラム", "{A28B7999-C870-4F70-A3AF-65B31B93EC3C}"
EndProject
Project("{FAE04EC0-301F-11D3-BF4B-00C04F79EFBC}") = "DistanceConverter", "Chapter02\距離換算プログラム\DistanceConverter\DistanceConverter.csproj", "{51A6E7D8-1CE9-4910-8E9F-77178611BDB0}"
EndProject
Project("{2150E333-8FDC-42A3-9474-1A3956D46DE8}") = "売上集計プログラム", "売上集計プログラム", "{2054D93A-3295-4CEE-A198-ACE8FC8D8698}"
EndProject
Project("{FAE04EC0-301F-11D3-BF4B-00C04F79EFBC}") = "SalesCalculator", "Chapter02\売上集計プログラム\SalesCalculator\SalesCalculator.csproj", "{EF2D2EED-F313-4ABF-A479-61DD897BFE76}"
EndProject
Project("{2150E333-8FDC-42A3-9474-1A3956D46DE8}") = "演習問題", "演習問題", "{594E40F9-AE23-44F7-A002-130259C3E762}"
EndProject
Project("{FAE04EC0-301F-11D3-BF4B-00C04F79EFBC}") = "Exercise01", "Chapter02\演習問題\Exercise01\Exercise01.csproj", "{87D1A805-AD80-4633-8194-39E6EDBDE93B}"
EndProject
Project("{FAE04EC0-301F-11D3-BF4B-00C04F79EFBC}") = "Exercise02", "Chapter02\演習問題\Exercise02\Exercise02.csproj", "{2E752D3D-63F6-43B5-99F0-B48397AFA980}"
EndProject
Project("{FAE04EC0-301F-11D3-BF4B-00C04F79EFBC}") = "Exercise03", "Chapter02\演習問題\Exercise03\Exercise03.csproj", "{AFFE0FE6-A09B-4BC5-A600-A9337FCA06D2}"
EndProject
Project("{2150E333-8FDC-42A3-9474-1A3956D46DE8}") = "Chapter03", "Chapter03", "{2A7B741A-C876-4B55-B07D-AD513C49C198}"
EndProject
Project("{FAE04EC0-301F-11D3-BF4B-00C04F79EFBC}") = "Section01", "Chapter03\Section01\Section01.csproj", "{515276F1-F4C9-4410-9C97-9FDECC371F77}"
EndProject
Project("{FAE04EC0-301F-11D3-BF4B-00C04F79EFBC}") = "Section03", "Chapter03\Section03\Section03.csproj", "{F93347E9-E54A-4C1E-A844-3CBB04CD098D}"
EndProject
Project("{FAE04EC0-301F-11D3-BF4B-00C04F79EFBC}") = "Section04", "Chapter03\Section04\Section04.csproj", "{4AB393F9-EED6-4251-8E9B-C5B435C57DEE}"
EndProject
Project("{2150E333-8FDC-42A3-9474-1A3956D46DE8}") = "演習問題", "演習問題", "{00D786C0-1744-4D9B-A0AF-7FC10195ED04}"
EndProject
Project("{FAE04EC0-301F-11D3-BF4B-00C04F79EFBC}") = "Exercise01", "Chapter03\演習問題\Exercise01\Exercise01.csproj", "{34C153C9-A10A-4007-BC2E-B58A66B82706}"
EndProject
Project("{FAE04EC0-301F-11D3-BF4B-00C04F79EFBC}") = "Exercise02", "Chapter03\演習問題\Exercise02\Exercise02.csproj", "{87CFE439-8C11-4E50-89AC-5CF26E8D0E0A}"
EndProject
Project("{2150E333-8FDC-42A3-9474-1A3956D46DE8}") = "Chapter04", "Chapter04", "{0563ABCD-308D-49A0-B06F-850B883A8B78}"
EndProject
Project("{2150E333-8FDC-42A3-9474-1A3956D46DE8}") = "条件演算子・null合体演算子", "条件演算子・null合体演算子", "{01827016-9846-4AEB-B56F-3C92D90ABEC7}"
EndProject
Project("{FAE04EC0-301F-11D3-BF4B-00C04F79EFBC}") = "Section04", "Chapter04\条件演算子・null合体演算子\Section04\Section04.csproj", "{9E823B86-3F0C-4CA9-923A-7646430FA9E5}"
EndProject
Project("{2150E333-8FDC-42A3-9474-1A3956D46DE8}") = "TryParse", "TryParse", "{CEA76F18-3C29-4BD8-9CA2-3A6D6154172C}"
EndProject
Project("{FAE04EC0-301F-11D3-BF4B-00C04F79EFBC}") = "Section07", "Chapter04\TryParse\Section07\Section07.csproj", "{E28B01B9-1D37-4CDB-ADDF-27A1BE823C36}"
EndProject
Project("{2150E333-8FDC-42A3-9474-1A3956D46DE8}") = "演習問題", "演習問題", "{20A4B882-3A4B-4FDB-8BDA-87181B58C9EA}"
EndProject
Project("{FAE04EC0-301F-11D3-BF4B-00C04F79EFBC}") = "Exercise01", "Chapter04\演習問題\Exercise01\Exercise01.csproj", "{CD0453AF-B1E2-482C-98BD-C8691CE421CA}"
EndProject
Project("{FAE04EC0-301F-11D3-BF4B-00C04F79EFBC}") = "Exercise02", "Chapter04\演習問題\Exercise02\Exercise02.csproj", "{276B9125-A0DA-4B0D-ACD1-39D73B2433C5}"
EndProject
Project("{2150E333-8FDC-42A3-9474-1A3956D46DE8}") = "Chapter05", "Chapter05", "{B4648B99-67ED-4920-98EC-48C5DCFBA76F}"
EndProject
Project("{2150E333-8FDC-42A3-9474-1A3956D46DE8}") = "演習問題", "演習問題", "{49E3CECD-8574-47E8-9CC5-732F6F4A8289}"
EndProject
Project("{FAE04EC0-301F-11D3-BF4B-00C04F79EFBC}") = "Exercise01", "Chapter05\演習問題\Exercise01\Exercise01.csproj", "{A799DC67-5B7C-4390-8898-AC2FCE71B9E5}"
EndProject
Project("{FAE04EC0-301F-11D3-BF4B-00C04F79EFBC}") = "Exercise02", "Chapter05\演習問題\Exercise02\Exercise02.csproj", "{4FBEF762-5C9E-49CD-B528-8D487A26B4F6}"
EndProject
Project("{FAE04EC0-301F-11D3-BF4B-00C04F79EFBC}") = "Exercise03", "Chapter05\演習問題\Exercise03\Exercise03.csproj", "{117ADBA8-4859-42FA-815D-D9B80CC733BC}"
EndProject
Project("{FAE04EC0-301F-11D3-BF4B-00C04F79EFBC}") = "Exercise04", "Chapter05\演習問題\Exercise04\Exercise04\Exercise04.csproj", "{FBA45A45-9989-44A9-84BB-3FDB31A79C8C}"
EndProject
Project("{2150E333-8FDC-42A3-9474-1A3956D46DE8}") = "Chapter06", "Chapter06", "{83D1D485-DF09-4D56-919B-DB0F5F598848}"
EndProject
Project("{FAE04EC0-301F-11D3-BF4B-00C04F79EFBC}") = "Section01", "Chapter06\Section01\Section01.csproj", "{64F7D508-96DC-42A3-BE66-ECBCAD6FB951}"
EndProject
Project("{FAE04EC0-301F-11D3-BF4B-00C04F79EFBC}") = "Section02", "Chapter06\Section02\Section02\Section02.csproj", "{EC35FAA0-EF10-4786-8C5A-6A582FB47DD7}"
EndProject
Project("{2150E333-8FDC-42A3-9474-1A3956D46DE8}") = "演習問題", "演習問題", "{A5BBEA2C-718E-40E8-A75D-A8A175852338}"
EndProject
Project("{FAE04EC0-301F-11D3-BF4B-00C04F79EFBC}") = "Exercise01", "Chapter06\演習問題\Exercise01\Exercise01\Exercise01.csproj", "{F2656951-BE38-42E6-9092-F3363371975E}"
EndProject
Project("{FAE04EC0-301F-11D3-BF4B-00C04F79EFBC}") = "Exercise02", "Chapter06\演習問題\Exercise02\Exercise02\Exercise02.csproj", "{354133EB-C1F9-4F61-9FC7-F26F49513BD3}"
EndProject
Project("{FAE04EC0-301F-11D3-BF4B-00C04F79EFBC}") = "Exercise03", "Chapter06\演習問題\Exercise03\Exercise03\Exercise03.csproj", "{91E8DDFC-785F-4DF7-A148-F77F315FF48F}"
EndProject
Project("{2150E333-8FDC-42A3-9474-1A3956D46DE8}") = "試験01", "試験01", "{30B5BE13-B3AF-47CC-B5FD-8ECF574DF92C}"
EndProject
Project("{FAE04EC0-301F-11D3-BF4B-00C04F79EFBC}") = "Test01", "TestProject\Test01\Test01.csproj", "{2BFACDC3-F44D-4199-8498-F5C3C4AC0335}"
EndProject
Project("{FAE04EC0-301F-11D3-BF4B-00C04F79EFBC}") = "Test02", "TestProject\Test02\Test02.csproj", "{E461C0A8-8900-485C-B520-E929BA33F712}"
EndProject
Project("{2150E333-8FDC-42A3-9474-1A3956D46DE8}") = "Chapter07", "Chapter07", "{632CD040-DC1B-41E5-97FB-0EA5682A00C9}"
EndProject
Project("{FAE04EC0-301F-11D3-BF4B-00C04F79EFBC}") = "Section01", "Chapter07\Section01\Section01.csproj", "{0A0568B5-B51B-4A13-97A9-89DEF9E8B634}"
EndProject
Project("{FAE04EC0-301F-11D3-BF4B-00C04F79EFBC}") = "Section02", "Chapter07\Section02\Section02.csproj", "{098A4B1C-3E3E-4717-B5BB-DE28A1E665FB}"
EndProject
Project("{FAE04EC0-301F-11D3-BF4B-00C04F79EFBC}") = "Section03", "Chapter07\Section03\Section03.csproj", "{64E2008B-E612-4071-B4B7-E80DAFFDE6F6}"
EndProject
Project("{2150E333-8FDC-42A3-9474-1A3956D46DE8}") = "演習問題", "演習問題", "{DD0C642F-8830-477E-AAF6-99CE2318540B}"
EndProject
Project("{FAE04EC0-301F-11D3-BF4B-00C04F79EFBC}") = "Exercise01", "Chapter07\演習問題\Exercise01\Exercise01.csproj", "{5CB106A0-F892-4533-B9B3-0A32112E4CC4}"
EndProject
Project("{FAE04EC0-301F-11D3-BF4B-00C04F79EFBC}") = "Exercise02", "Chapter07\演習問題\Exercise02\Exercise02.csproj", "{AD66F034-388B-4095-A8ED-9520F53877C5}"
EndProject
Global
	GlobalSection(SolutionConfigurationPlatforms) = preSolution
		Debug|Any CPU = Debug|Any CPU
		Release|Any CPU = Release|Any CPU
	EndGlobalSection
	GlobalSection(ProjectConfigurationPlatforms) = postSolution
		{44A830E7-886F-433A-ADF0-5B40BBA70B22}.Debug|Any CPU.ActiveCfg = Debug|Any CPU
		{44A830E7-886F-433A-ADF0-5B40BBA70B22}.Debug|Any CPU.Build.0 = Debug|Any CPU
		{44A830E7-886F-433A-ADF0-5B40BBA70B22}.Release|Any CPU.ActiveCfg = Release|Any CPU
		{44A830E7-886F-433A-ADF0-5B40BBA70B22}.Release|Any CPU.Build.0 = Release|Any CPU
		{E7B09A2C-EC5F-4072-870D-28D874E7B5DC}.Debug|Any CPU.ActiveCfg = Debug|Any CPU
		{E7B09A2C-EC5F-4072-870D-28D874E7B5DC}.Debug|Any CPU.Build.0 = Debug|Any CPU
		{E7B09A2C-EC5F-4072-870D-28D874E7B5DC}.Release|Any CPU.ActiveCfg = Release|Any CPU
		{E7B09A2C-EC5F-4072-870D-28D874E7B5DC}.Release|Any CPU.Build.0 = Release|Any CPU
		{8556AA62-36DF-46F6-BE89-E2735AEFC992}.Debug|Any CPU.ActiveCfg = Debug|Any CPU
		{8556AA62-36DF-46F6-BE89-E2735AEFC992}.Debug|Any CPU.Build.0 = Debug|Any CPU
		{8556AA62-36DF-46F6-BE89-E2735AEFC992}.Release|Any CPU.ActiveCfg = Release|Any CPU
		{8556AA62-36DF-46F6-BE89-E2735AEFC992}.Release|Any CPU.Build.0 = Release|Any CPU
		{142EB7D7-72E6-4E9D-AF6C-974DD3023609}.Debug|Any CPU.ActiveCfg = Debug|Any CPU
		{142EB7D7-72E6-4E9D-AF6C-974DD3023609}.Debug|Any CPU.Build.0 = Debug|Any CPU
		{142EB7D7-72E6-4E9D-AF6C-974DD3023609}.Release|Any CPU.ActiveCfg = Release|Any CPU
		{142EB7D7-72E6-4E9D-AF6C-974DD3023609}.Release|Any CPU.Build.0 = Release|Any CPU
		{6E12030E-606E-4949-BFAC-5A5A1F94E75E}.Debug|Any CPU.ActiveCfg = Debug|Any CPU
		{6E12030E-606E-4949-BFAC-5A5A1F94E75E}.Debug|Any CPU.Build.0 = Debug|Any CPU
		{6E12030E-606E-4949-BFAC-5A5A1F94E75E}.Release|Any CPU.ActiveCfg = Release|Any CPU
		{6E12030E-606E-4949-BFAC-5A5A1F94E75E}.Release|Any CPU.Build.0 = Release|Any CPU
		{99DEFE96-5AC5-42B7-A6EE-4F716CE2E28E}.Debug|Any CPU.ActiveCfg = Debug|Any CPU
		{99DEFE96-5AC5-42B7-A6EE-4F716CE2E28E}.Debug|Any CPU.Build.0 = Debug|Any CPU
		{99DEFE96-5AC5-42B7-A6EE-4F716CE2E28E}.Release|Any CPU.ActiveCfg = Release|Any CPU
		{99DEFE96-5AC5-42B7-A6EE-4F716CE2E28E}.Release|Any CPU.Build.0 = Release|Any CPU
		{51A6E7D8-1CE9-4910-8E9F-77178611BDB0}.Debug|Any CPU.ActiveCfg = Debug|Any CPU
		{51A6E7D8-1CE9-4910-8E9F-77178611BDB0}.Debug|Any CPU.Build.0 = Debug|Any CPU
		{51A6E7D8-1CE9-4910-8E9F-77178611BDB0}.Release|Any CPU.ActiveCfg = Release|Any CPU
		{51A6E7D8-1CE9-4910-8E9F-77178611BDB0}.Release|Any CPU.Build.0 = Release|Any CPU
		{EF2D2EED-F313-4ABF-A479-61DD897BFE76}.Debug|Any CPU.ActiveCfg = Debug|Any CPU
		{EF2D2EED-F313-4ABF-A479-61DD897BFE76}.Debug|Any CPU.Build.0 = Debug|Any CPU
		{EF2D2EED-F313-4ABF-A479-61DD897BFE76}.Release|Any CPU.ActiveCfg = Release|Any CPU
		{EF2D2EED-F313-4ABF-A479-61DD897BFE76}.Release|Any CPU.Build.0 = Release|Any CPU
		{87D1A805-AD80-4633-8194-39E6EDBDE93B}.Debug|Any CPU.ActiveCfg = Debug|Any CPU
		{87D1A805-AD80-4633-8194-39E6EDBDE93B}.Debug|Any CPU.Build.0 = Debug|Any CPU
		{87D1A805-AD80-4633-8194-39E6EDBDE93B}.Release|Any CPU.ActiveCfg = Release|Any CPU
		{87D1A805-AD80-4633-8194-39E6EDBDE93B}.Release|Any CPU.Build.0 = Release|Any CPU
		{2E752D3D-63F6-43B5-99F0-B48397AFA980}.Debug|Any CPU.ActiveCfg = Debug|Any CPU
		{2E752D3D-63F6-43B5-99F0-B48397AFA980}.Debug|Any CPU.Build.0 = Debug|Any CPU
		{2E752D3D-63F6-43B5-99F0-B48397AFA980}.Release|Any CPU.ActiveCfg = Release|Any CPU
		{2E752D3D-63F6-43B5-99F0-B48397AFA980}.Release|Any CPU.Build.0 = Release|Any CPU
		{AFFE0FE6-A09B-4BC5-A600-A9337FCA06D2}.Debug|Any CPU.ActiveCfg = Debug|Any CPU
		{AFFE0FE6-A09B-4BC5-A600-A9337FCA06D2}.Debug|Any CPU.Build.0 = Debug|Any CPU
		{AFFE0FE6-A09B-4BC5-A600-A9337FCA06D2}.Release|Any CPU.ActiveCfg = Release|Any CPU
		{AFFE0FE6-A09B-4BC5-A600-A9337FCA06D2}.Release|Any CPU.Build.0 = Release|Any CPU
		{515276F1-F4C9-4410-9C97-9FDECC371F77}.Debug|Any CPU.ActiveCfg = Debug|Any CPU
		{515276F1-F4C9-4410-9C97-9FDECC371F77}.Debug|Any CPU.Build.0 = Debug|Any CPU
		{515276F1-F4C9-4410-9C97-9FDECC371F77}.Release|Any CPU.ActiveCfg = Release|Any CPU
		{515276F1-F4C9-4410-9C97-9FDECC371F77}.Release|Any CPU.Build.0 = Release|Any CPU
		{F93347E9-E54A-4C1E-A844-3CBB04CD098D}.Debug|Any CPU.ActiveCfg = Debug|Any CPU
		{F93347E9-E54A-4C1E-A844-3CBB04CD098D}.Debug|Any CPU.Build.0 = Debug|Any CPU
		{F93347E9-E54A-4C1E-A844-3CBB04CD098D}.Release|Any CPU.ActiveCfg = Release|Any CPU
		{F93347E9-E54A-4C1E-A844-3CBB04CD098D}.Release|Any CPU.Build.0 = Release|Any CPU
		{4AB393F9-EED6-4251-8E9B-C5B435C57DEE}.Debug|Any CPU.ActiveCfg = Debug|Any CPU
		{4AB393F9-EED6-4251-8E9B-C5B435C57DEE}.Debug|Any CPU.Build.0 = Debug|Any CPU
		{4AB393F9-EED6-4251-8E9B-C5B435C57DEE}.Release|Any CPU.ActiveCfg = Release|Any CPU
		{4AB393F9-EED6-4251-8E9B-C5B435C57DEE}.Release|Any CPU.Build.0 = Release|Any CPU
		{34C153C9-A10A-4007-BC2E-B58A66B82706}.Debug|Any CPU.ActiveCfg = Debug|Any CPU
		{34C153C9-A10A-4007-BC2E-B58A66B82706}.Debug|Any CPU.Build.0 = Debug|Any CPU
		{34C153C9-A10A-4007-BC2E-B58A66B82706}.Release|Any CPU.ActiveCfg = Release|Any CPU
		{34C153C9-A10A-4007-BC2E-B58A66B82706}.Release|Any CPU.Build.0 = Release|Any CPU
		{87CFE439-8C11-4E50-89AC-5CF26E8D0E0A}.Debug|Any CPU.ActiveCfg = Debug|Any CPU
		{87CFE439-8C11-4E50-89AC-5CF26E8D0E0A}.Debug|Any CPU.Build.0 = Debug|Any CPU
		{87CFE439-8C11-4E50-89AC-5CF26E8D0E0A}.Release|Any CPU.ActiveCfg = Release|Any CPU
		{87CFE439-8C11-4E50-89AC-5CF26E8D0E0A}.Release|Any CPU.Build.0 = Release|Any CPU
		{9E823B86-3F0C-4CA9-923A-7646430FA9E5}.Debug|Any CPU.ActiveCfg = Debug|Any CPU
		{9E823B86-3F0C-4CA9-923A-7646430FA9E5}.Debug|Any CPU.Build.0 = Debug|Any CPU
		{9E823B86-3F0C-4CA9-923A-7646430FA9E5}.Release|Any CPU.ActiveCfg = Release|Any CPU
		{9E823B86-3F0C-4CA9-923A-7646430FA9E5}.Release|Any CPU.Build.0 = Release|Any CPU
		{E28B01B9-1D37-4CDB-ADDF-27A1BE823C36}.Debug|Any CPU.ActiveCfg = Debug|Any CPU
		{E28B01B9-1D37-4CDB-ADDF-27A1BE823C36}.Debug|Any CPU.Build.0 = Debug|Any CPU
		{E28B01B9-1D37-4CDB-ADDF-27A1BE823C36}.Release|Any CPU.ActiveCfg = Release|Any CPU
		{E28B01B9-1D37-4CDB-ADDF-27A1BE823C36}.Release|Any CPU.Build.0 = Release|Any CPU
		{CD0453AF-B1E2-482C-98BD-C8691CE421CA}.Debug|Any CPU.ActiveCfg = Debug|Any CPU
		{CD0453AF-B1E2-482C-98BD-C8691CE421CA}.Debug|Any CPU.Build.0 = Debug|Any CPU
		{CD0453AF-B1E2-482C-98BD-C8691CE421CA}.Release|Any CPU.ActiveCfg = Release|Any CPU
		{CD0453AF-B1E2-482C-98BD-C8691CE421CA}.Release|Any CPU.Build.0 = Release|Any CPU
		{276B9125-A0DA-4B0D-ACD1-39D73B2433C5}.Debug|Any CPU.ActiveCfg = Debug|Any CPU
		{276B9125-A0DA-4B0D-ACD1-39D73B2433C5}.Debug|Any CPU.Build.0 = Debug|Any CPU
		{276B9125-A0DA-4B0D-ACD1-39D73B2433C5}.Release|Any CPU.ActiveCfg = Release|Any CPU
		{276B9125-A0DA-4B0D-ACD1-39D73B2433C5}.Release|Any CPU.Build.0 = Release|Any CPU
		{A799DC67-5B7C-4390-8898-AC2FCE71B9E5}.Debug|Any CPU.ActiveCfg = Debug|Any CPU
		{A799DC67-5B7C-4390-8898-AC2FCE71B9E5}.Debug|Any CPU.Build.0 = Debug|Any CPU
		{A799DC67-5B7C-4390-8898-AC2FCE71B9E5}.Release|Any CPU.ActiveCfg = Release|Any CPU
		{A799DC67-5B7C-4390-8898-AC2FCE71B9E5}.Release|Any CPU.Build.0 = Release|Any CPU
		{4FBEF762-5C9E-49CD-B528-8D487A26B4F6}.Debug|Any CPU.ActiveCfg = Debug|Any CPU
		{4FBEF762-5C9E-49CD-B528-8D487A26B4F6}.Debug|Any CPU.Build.0 = Debug|Any CPU
		{4FBEF762-5C9E-49CD-B528-8D487A26B4F6}.Release|Any CPU.ActiveCfg = Release|Any CPU
		{4FBEF762-5C9E-49CD-B528-8D487A26B4F6}.Release|Any CPU.Build.0 = Release|Any CPU
		{117ADBA8-4859-42FA-815D-D9B80CC733BC}.Debug|Any CPU.ActiveCfg = Debug|Any CPU
		{117ADBA8-4859-42FA-815D-D9B80CC733BC}.Debug|Any CPU.Build.0 = Debug|Any CPU
		{117ADBA8-4859-42FA-815D-D9B80CC733BC}.Release|Any CPU.ActiveCfg = Release|Any CPU
		{117ADBA8-4859-42FA-815D-D9B80CC733BC}.Release|Any CPU.Build.0 = Release|Any CPU
		{FBA45A45-9989-44A9-84BB-3FDB31A79C8C}.Debug|Any CPU.ActiveCfg = Debug|Any CPU
		{FBA45A45-9989-44A9-84BB-3FDB31A79C8C}.Debug|Any CPU.Build.0 = Debug|Any CPU
		{FBA45A45-9989-44A9-84BB-3FDB31A79C8C}.Release|Any CPU.ActiveCfg = Release|Any CPU
		{FBA45A45-9989-44A9-84BB-3FDB31A79C8C}.Release|Any CPU.Build.0 = Release|Any CPU
		{64F7D508-96DC-42A3-BE66-ECBCAD6FB951}.Debug|Any CPU.ActiveCfg = Debug|Any CPU
		{64F7D508-96DC-42A3-BE66-ECBCAD6FB951}.Debug|Any CPU.Build.0 = Debug|Any CPU
		{64F7D508-96DC-42A3-BE66-ECBCAD6FB951}.Release|Any CPU.ActiveCfg = Release|Any CPU
		{64F7D508-96DC-42A3-BE66-ECBCAD6FB951}.Release|Any CPU.Build.0 = Release|Any CPU
		{EC35FAA0-EF10-4786-8C5A-6A582FB47DD7}.Debug|Any CPU.ActiveCfg = Debug|Any CPU
		{EC35FAA0-EF10-4786-8C5A-6A582FB47DD7}.Debug|Any CPU.Build.0 = Debug|Any CPU
		{EC35FAA0-EF10-4786-8C5A-6A582FB47DD7}.Release|Any CPU.ActiveCfg = Release|Any CPU
		{EC35FAA0-EF10-4786-8C5A-6A582FB47DD7}.Release|Any CPU.Build.0 = Release|Any CPU
		{F2656951-BE38-42E6-9092-F3363371975E}.Debug|Any CPU.ActiveCfg = Debug|Any CPU
		{F2656951-BE38-42E6-9092-F3363371975E}.Debug|Any CPU.Build.0 = Debug|Any CPU
		{F2656951-BE38-42E6-9092-F3363371975E}.Release|Any CPU.ActiveCfg = Release|Any CPU
		{F2656951-BE38-42E6-9092-F3363371975E}.Release|Any CPU.Build.0 = Release|Any CPU
		{354133EB-C1F9-4F61-9FC7-F26F49513BD3}.Debug|Any CPU.ActiveCfg = Debug|Any CPU
		{354133EB-C1F9-4F61-9FC7-F26F49513BD3}.Debug|Any CPU.Build.0 = Debug|Any CPU
		{354133EB-C1F9-4F61-9FC7-F26F49513BD3}.Release|Any CPU.ActiveCfg = Release|Any CPU
		{354133EB-C1F9-4F61-9FC7-F26F49513BD3}.Release|Any CPU.Build.0 = Release|Any CPU
		{91E8DDFC-785F-4DF7-A148-F77F315FF48F}.Debug|Any CPU.ActiveCfg = Debug|Any CPU
		{91E8DDFC-785F-4DF7-A148-F77F315FF48F}.Debug|Any CPU.Build.0 = Debug|Any CPU
		{91E8DDFC-785F-4DF7-A148-F77F315FF48F}.Release|Any CPU.ActiveCfg = Release|Any CPU
		{91E8DDFC-785F-4DF7-A148-F77F315FF48F}.Release|Any CPU.Build.0 = Release|Any CPU
		{2BFACDC3-F44D-4199-8498-F5C3C4AC0335}.Debug|Any CPU.ActiveCfg = Debug|Any CPU
		{2BFACDC3-F44D-4199-8498-F5C3C4AC0335}.Debug|Any CPU.Build.0 = Debug|Any CPU
		{2BFACDC3-F44D-4199-8498-F5C3C4AC0335}.Release|Any CPU.ActiveCfg = Release|Any CPU
		{2BFACDC3-F44D-4199-8498-F5C3C4AC0335}.Release|Any CPU.Build.0 = Release|Any CPU
		{E461C0A8-8900-485C-B520-E929BA33F712}.Debug|Any CPU.ActiveCfg = Debug|Any CPU
		{E461C0A8-8900-485C-B520-E929BA33F712}.Debug|Any CPU.Build.0 = Debug|Any CPU
		{E461C0A8-8900-485C-B520-E929BA33F712}.Release|Any CPU.ActiveCfg = Release|Any CPU
		{E461C0A8-8900-485C-B520-E929BA33F712}.Release|Any CPU.Build.0 = Release|Any CPU
		{0A0568B5-B51B-4A13-97A9-89DEF9E8B634}.Debug|Any CPU.ActiveCfg = Debug|Any CPU
		{0A0568B5-B51B-4A13-97A9-89DEF9E8B634}.Debug|Any CPU.Build.0 = Debug|Any CPU
		{0A0568B5-B51B-4A13-97A9-89DEF9E8B634}.Release|Any CPU.ActiveCfg = Release|Any CPU
		{0A0568B5-B51B-4A13-97A9-89DEF9E8B634}.Release|Any CPU.Build.0 = Release|Any CPU
		{098A4B1C-3E3E-4717-B5BB-DE28A1E665FB}.Debug|Any CPU.ActiveCfg = Debug|Any CPU
		{098A4B1C-3E3E-4717-B5BB-DE28A1E665FB}.Debug|Any CPU.Build.0 = Debug|Any CPU
		{098A4B1C-3E3E-4717-B5BB-DE28A1E665FB}.Release|Any CPU.ActiveCfg = Release|Any CPU
		{098A4B1C-3E3E-4717-B5BB-DE28A1E665FB}.Release|Any CPU.Build.0 = Release|Any CPU
		{64E2008B-E612-4071-B4B7-E80DAFFDE6F6}.Debug|Any CPU.ActiveCfg = Debug|Any CPU
		{64E2008B-E612-4071-B4B7-E80DAFFDE6F6}.Debug|Any CPU.Build.0 = Debug|Any CPU
		{64E2008B-E612-4071-B4B7-E80DAFFDE6F6}.Release|Any CPU.ActiveCfg = Release|Any CPU
		{64E2008B-E612-4071-B4B7-E80DAFFDE6F6}.Release|Any CPU.Build.0 = Release|Any CPU
		{5CB106A0-F892-4533-B9B3-0A32112E4CC4}.Debug|Any CPU.ActiveCfg = Debug|Any CPU
		{5CB106A0-F892-4533-B9B3-0A32112E4CC4}.Debug|Any CPU.Build.0 = Debug|Any CPU
		{5CB106A0-F892-4533-B9B3-0A32112E4CC4}.Release|Any CPU.ActiveCfg = Release|Any CPU
		{5CB106A0-F892-4533-B9B3-0A32112E4CC4}.Release|Any CPU.Build.0 = Release|Any CPU
		{AD66F034-388B-4095-A8ED-9520F53877C5}.Debug|Any CPU.ActiveCfg = Debug|Any CPU
		{AD66F034-388B-4095-A8ED-9520F53877C5}.Debug|Any CPU.Build.0 = Debug|Any CPU
		{AD66F034-388B-4095-A8ED-9520F53877C5}.Release|Any CPU.ActiveCfg = Release|Any CPU
		{AD66F034-388B-4095-A8ED-9520F53877C5}.Release|Any CPU.Build.0 = Release|Any CPU
	EndGlobalSection
	GlobalSection(SolutionProperties) = preSolution
		HideSolutionNode = FALSE
	EndGlobalSection
	GlobalSection(NestedProjects) = preSolution
		{44A830E7-886F-433A-ADF0-5B40BBA70B22} = {9E0C7835-3C4F-4770-ABE0-295B78C3AF3F}
		{E7B09A2C-EC5F-4072-870D-28D874E7B5DC} = {9E0C7835-3C4F-4770-ABE0-295B78C3AF3F}
		{8556AA62-36DF-46F6-BE89-E2735AEFC992} = {9E0C7835-3C4F-4770-ABE0-295B78C3AF3F}
		{142EB7D7-72E6-4E9D-AF6C-974DD3023609} = {9E0C7835-3C4F-4770-ABE0-295B78C3AF3F}
		{6E12030E-606E-4949-BFAC-5A5A1F94E75E} = {9E0C7835-3C4F-4770-ABE0-295B78C3AF3F}
		{99DEFE96-5AC5-42B7-A6EE-4F716CE2E28E} = {20F3C67B-2833-48A7-8B7E-B33E4BBFA198}
		{A28B7999-C870-4F70-A3AF-65B31B93EC3C} = {28168020-6B32-4252-920A-9ABC40491591}
		{51A6E7D8-1CE9-4910-8E9F-77178611BDB0} = {A28B7999-C870-4F70-A3AF-65B31B93EC3C}
		{2054D93A-3295-4CEE-A198-ACE8FC8D8698} = {28168020-6B32-4252-920A-9ABC40491591}
		{EF2D2EED-F313-4ABF-A479-61DD897BFE76} = {2054D93A-3295-4CEE-A198-ACE8FC8D8698}
		{594E40F9-AE23-44F7-A002-130259C3E762} = {28168020-6B32-4252-920A-9ABC40491591}
		{87D1A805-AD80-4633-8194-39E6EDBDE93B} = {594E40F9-AE23-44F7-A002-130259C3E762}
		{2E752D3D-63F6-43B5-99F0-B48397AFA980} = {594E40F9-AE23-44F7-A002-130259C3E762}
		{AFFE0FE6-A09B-4BC5-A600-A9337FCA06D2} = {594E40F9-AE23-44F7-A002-130259C3E762}
		{515276F1-F4C9-4410-9C97-9FDECC371F77} = {2A7B741A-C876-4B55-B07D-AD513C49C198}
		{F93347E9-E54A-4C1E-A844-3CBB04CD098D} = {2A7B741A-C876-4B55-B07D-AD513C49C198}
		{4AB393F9-EED6-4251-8E9B-C5B435C57DEE} = {2A7B741A-C876-4B55-B07D-AD513C49C198}
		{00D786C0-1744-4D9B-A0AF-7FC10195ED04} = {2A7B741A-C876-4B55-B07D-AD513C49C198}
		{34C153C9-A10A-4007-BC2E-B58A66B82706} = {00D786C0-1744-4D9B-A0AF-7FC10195ED04}
		{87CFE439-8C11-4E50-89AC-5CF26E8D0E0A} = {00D786C0-1744-4D9B-A0AF-7FC10195ED04}
		{01827016-9846-4AEB-B56F-3C92D90ABEC7} = {0563ABCD-308D-49A0-B06F-850B883A8B78}
		{9E823B86-3F0C-4CA9-923A-7646430FA9E5} = {01827016-9846-4AEB-B56F-3C92D90ABEC7}
		{CEA76F18-3C29-4BD8-9CA2-3A6D6154172C} = {0563ABCD-308D-49A0-B06F-850B883A8B78}
		{E28B01B9-1D37-4CDB-ADDF-27A1BE823C36} = {CEA76F18-3C29-4BD8-9CA2-3A6D6154172C}
		{20A4B882-3A4B-4FDB-8BDA-87181B58C9EA} = {0563ABCD-308D-49A0-B06F-850B883A8B78}
		{CD0453AF-B1E2-482C-98BD-C8691CE421CA} = {20A4B882-3A4B-4FDB-8BDA-87181B58C9EA}
		{276B9125-A0DA-4B0D-ACD1-39D73B2433C5} = {20A4B882-3A4B-4FDB-8BDA-87181B58C9EA}
		{49E3CECD-8574-47E8-9CC5-732F6F4A8289} = {B4648B99-67ED-4920-98EC-48C5DCFBA76F}
		{A799DC67-5B7C-4390-8898-AC2FCE71B9E5} = {49E3CECD-8574-47E8-9CC5-732F6F4A8289}
		{4FBEF762-5C9E-49CD-B528-8D487A26B4F6} = {49E3CECD-8574-47E8-9CC5-732F6F4A8289}
		{117ADBA8-4859-42FA-815D-D9B80CC733BC} = {49E3CECD-8574-47E8-9CC5-732F6F4A8289}
		{FBA45A45-9989-44A9-84BB-3FDB31A79C8C} = {49E3CECD-8574-47E8-9CC5-732F6F4A8289}
		{64F7D508-96DC-42A3-BE66-ECBCAD6FB951} = {83D1D485-DF09-4D56-919B-DB0F5F598848}
		{EC35FAA0-EF10-4786-8C5A-6A582FB47DD7} = {83D1D485-DF09-4D56-919B-DB0F5F598848}
		{A5BBEA2C-718E-40E8-A75D-A8A175852338} = {83D1D485-DF09-4D56-919B-DB0F5F598848}
		{F2656951-BE38-42E6-9092-F3363371975E} = {A5BBEA2C-718E-40E8-A75D-A8A175852338}
		{354133EB-C1F9-4F61-9FC7-F26F49513BD3} = {A5BBEA2C-718E-40E8-A75D-A8A175852338}
		{91E8DDFC-785F-4DF7-A148-F77F315FF48F} = {A5BBEA2C-718E-40E8-A75D-A8A175852338}
		{2BFACDC3-F44D-4199-8498-F5C3C4AC0335} = {30B5BE13-B3AF-47CC-B5FD-8ECF574DF92C}
		{E461C0A8-8900-485C-B520-E929BA33F712} = {30B5BE13-B3AF-47CC-B5FD-8ECF574DF92C}
		{0A0568B5-B51B-4A13-97A9-89DEF9E8B634} = {632CD040-DC1B-41E5-97FB-0EA5682A00C9}
		{098A4B1C-3E3E-4717-B5BB-DE28A1E665FB} = {632CD040-DC1B-41E5-97FB-0EA5682A00C9}
		{64E2008B-E612-4071-B4B7-E80DAFFDE6F6} = {632CD040-DC1B-41E5-97FB-0EA5682A00C9}
		{DD0C642F-8830-477E-AAF6-99CE2318540B} = {632CD040-DC1B-41E5-97FB-0EA5682A00C9}
		{5CB106A0-F892-4533-B9B3-0A32112E4CC4} = {DD0C642F-8830-477E-AAF6-99CE2318540B}
		{AD66F034-388B-4095-A8ED-9520F53877C5} = {DD0C642F-8830-477E-AAF6-99CE2318540B}
	EndGlobalSection
	GlobalSection(ExtensibilityGlobals) = postSolution
		SolutionGuid = {612E75FA-EA71-4D4F-A972-98EDDEA28886}
	EndGlobalSection
EndGlobal
